
Microsoft Visual Studio Solution File, Format Version 12.00
Project("{FAE04EC0-301F-11D3-BF4B-00C04F79EFBC}") = "TO_Lab_1", "TO_Lab_1\TO_Lab_1.csproj", "{BC107871-07FD-42BF-961A-98192E58B9BF}"
EndProject
Global
	GlobalSection(SolutionConfigurationPlatforms) = preSolution
		Debug|Any CPU = Debug|Any CPU
		Release|Any CPU = Release|Any CPU
	EndGlobalSection
	GlobalSection(ProjectConfigurationPlatforms) = postSolution
		{BC107871-07FD-42BF-961A-98192E58B9BF}.Debug|Any CPU.ActiveCfg = Debug|Any CPU
		{BC107871-07FD-42BF-961A-98192E58B9BF}.Debug|Any CPU.Build.0 = Debug|Any CPU
		{BC107871-07FD-42BF-961A-98192E58B9BF}.Release|Any CPU.ActiveCfg = Release|Any CPU
		{BC107871-07FD-42BF-961A-98192E58B9BF}.Release|Any CPU.Build.0 = Release|Any CPU
	EndGlobalSection
EndGlobal
